
Microsoft Visual Studio Solution File, Format Version 12.00
Project("{FAE04EC0-301F-11D3-BF4B-00C04F79EFBC}") = "Encryptor.WebUI", "src\Encryptor.WebUI\Encryptor.WebUI.csproj", "{A559E126-E166-4A67-BF83-F720B696BA6D}"
EndProject
Global
	GlobalSection(SolutionConfigurationPlatforms) = preSolution
		Debug|Any CPU = Debug|Any CPU
		Release|Any CPU = Release|Any CPU
	EndGlobalSection
	GlobalSection(ProjectConfigurationPlatforms) = postSolution
		{A559E126-E166-4A67-BF83-F720B696BA6D}.Debug|Any CPU.ActiveCfg = Debug|Any CPU
		{A559E126-E166-4A67-BF83-F720B696BA6D}.Debug|Any CPU.Build.0 = Debug|Any CPU
		{A559E126-E166-4A67-BF83-F720B696BA6D}.Release|Any CPU.ActiveCfg = Release|Any CPU
		{A559E126-E166-4A67-BF83-F720B696BA6D}.Release|Any CPU.Build.0 = Release|Any CPU
	EndGlobalSection
EndGlobal
